
Microsoft Visual Studio Solution File, Format Version 12.00
# Visual Studio Version 17
VisualStudioVersion = 17.0.32014.148
MinimumVisualStudioVersion = 10.0.40219.1
Project("{FAE04EC0-301F-11D3-BF4B-00C04F79EFBC}") = "WebApplication2", "WebApplication2\WebApplication2.csproj", "{BA7307AC-CD78-44C5-AC37-FBC0A5A77CB9}"
EndProject
Global
	GlobalSection(SolutionConfigurationPlatforms) = preSolution
		Debug|Any CPU = Debug|Any CPU
		Release|Any CPU = Release|Any CPU
	EndGlobalSection
	GlobalSection(ProjectConfigurationPlatforms) = postSolution
		{BA7307AC-CD78-44C5-AC37-FBC0A5A77CB9}.Debug|Any CPU.ActiveCfg = Debug|Any CPU
		{BA7307AC-CD78-44C5-AC37-FBC0A5A77CB9}.Debug|Any CPU.Build.0 = Debug|Any CPU
		{BA7307AC-CD78-44C5-AC37-FBC0A5A77CB9}.Release|Any CPU.ActiveCfg = Release|Any CPU
		{BA7307AC-CD78-44C5-AC37-FBC0A5A77CB9}.Release|Any CPU.Build.0 = Release|Any CPU
	EndGlobalSection
	GlobalSection(SolutionProperties) = preSolution
		HideSolutionNode = FALSE
	EndGlobalSection
	GlobalSection(ExtensibilityGlobals) = postSolution
		SolutionGuid = {28989918-9B41-499C-8EE4-EA645B74AC6A}
	EndGlobalSection
EndGlobal
